// !$*UTF8*$!
{
	archiveVersion = 1;
	classes = {
	};
	objectVersion = 46;
	objects = {

/* Begin PBXBuildFile section */
		FB83EC781AD4D357009D118D /* main.m in Sources */ = {isa = PBXBuildFile; fileRef = FB83EC771AD4D357009D118D /* main.m */; };
		FB83EC7B1AD4D357009D118D /* AppDelegate.m in Sources */ = {isa = PBXBuildFile; fileRef = FB83EC7A1AD4D357009D118D /* AppDelegate.m */; };
		FB83EC7E1AD4D357009D118D /* ViewController.m in Sources */ = {isa = PBXBuildFile; fileRef = FB83EC7D1AD4D357009D118D /* ViewController.m */; };
		FB83EC811AD4D357009D118D /* Main.storyboard in Resources */ = {isa = PBXBuildFile; fileRef = FB83EC7F1AD4D357009D118D /* Main.storyboard */; };
		FB83EC831AD4D357009D118D /* Images.xcassets in Resources */ = {isa = PBXBuildFile; fileRef = FB83EC821AD4D357009D118D /* Images.xcassets */; };
		FB83EC861AD4D357009D118D /* LaunchScreen.xib in Resources */ = {isa = PBXBuildFile; fileRef = FB83EC841AD4D357009D118D /* LaunchScreen.xib */; };
		FB83EC921AD4D357009D118D /* testSizeClassesTests.m in Sources */ = {isa = PBXBuildFile; fileRef = FB83EC911AD4D357009D118D /* testSizeClassesTests.m */; };
/* End PBXBuildFile section */

/* Begin PBXContainerItemProxy section */
		FB83EC8C1AD4D357009D118D /* PBXContainerItemProxy */ = {
			isa = PBXContainerItemProxy;
			containerPortal = FB83EC6A1AD4D357009D118D /* Project object */;
			proxyType = 1;
			remoteGlobalIDString = FB83EC711AD4D357009D118D;
			remoteInfo = testSizeClasses;
		};
/* End PBXContainerItemProxy section */

/* Begin PBXFileReference section */
		FB83EC721AD4D357009D118D /* testSizeClasses.app */ = {isa = PBXFileReference; explicitFileType = wrapper.application; includeInIndex = 0; path = testSizeClasses.app; sourceTree = BUILT_PRODUCTS_DIR; };
		FB83EC761AD4D357009D118D /* Info.plist */ = {isa = PBXFileReference; lastKnownFileType = text.plist.xml; path = Info.plist; sourceTree = "<group>"; };
		FB83EC771AD4D357009D118D /* main.m */ = {isa = PBXFileReference; lastKnownFileType = sourcecode.c.objc; path = main.m; sourceTree = "<group>"; };
		FB83EC791AD4D357009D118D /* AppDelegate.h */ = {isa = PBXFileReference; lastKnownFileType = sourcecode.c.h; path = AppDelegate.h; sourceTree = "<group>"; };
		FB83EC7A1AD4D357009D118D /* AppDelegate.m */ = {isa = PBXFileReference; lastKnownFileType = sourcecode.c.objc; path = AppDelegate.m; sourceTree = "<group>"; };
		FB83EC7C1AD4D357009D118D /* ViewController.h */ = {isa = PBXFileReference; lastKnownFileType = sourcecode.c.h; path = ViewController.h; sourceTree = "<group>"; };
		FB83EC7D1AD4D357009D118D /* ViewController.m */ = {isa = PBXFileReference; lastKnownFileType = sourcecode.c.objc; path = ViewController.m; sourceTree = "<group>"; };
		FB83EC801AD4D357009D118D /* Base */ = {isa = PBXFileReference; lastKnownFileType = file.storyboard; name = Base; path = Base.lproj/Main.storyboard; sourceTree = "<group>"; };
		FB83EC821AD4D357009D118D /* Images.xcassets */ = {isa = PBXFileReference; lastKnownFileType = folder.assetcatalog; path = Images.xcassets; sourceTree = "<group>"; };
		FB83EC851AD4D357009D118D /* Base */ = {isa = PBXFileReference; lastKnownFileType = file.xib; name = Base; path = Base.lproj/LaunchScreen.xib; sourceTree = "<group>"; };
		FB83EC8B1AD4D357009D118D /* testSizeClassesTests.xctest */ = {isa = PBXFileReference; explicitFileType = wrapper.cfbundle; includeInIndex = 0; path = testSizeClassesTests.xctest; sourceTree = BUILT_PRODUCTS_DIR; };
		FB83EC901AD4D357009D118D /* Info.plist */ = {isa = PBXFileReference; lastKnownFileType = text.plist.xml; path = Info.plist; sourceTree = "<group>"; };
		FB83EC911AD4D357009D118D /* testSizeClassesTests.m */ = {isa = PBXFileReference; lastKnownFileType = sourcecode.c.objc; path = testSizeClassesTests.m; sourceTree = "<group>"; };
/* End PBXFileReference section */

/* Begin PBXFrameworksBuildPhase section */
		FB83EC6F1AD4D357009D118D /* Frameworks */ = {
			isa = PBXFrameworksBuildPhase;
			buildActionMask = 2147483647;
			files = (
			);
			runOnlyForDeploymentPostprocessing = 0;
		};
		FB83EC881AD4D357009D118D /* Frameworks */ = {
			isa = PBXFrameworksBuildPhase;
			buildActionMask = 2147483647;
			files = (
			);
			runOnlyForDeploymentPostprocessing = 0;
		};
/* End PBXFrameworksBuildPhase section */

/* Begin PBXGroup section */
		FB83EC691AD4D357009D118D = {
			isa = PBXGroup;
			children = (
				FB83EC741AD4D357009D118D /* testSizeClasses */,
				FB83EC8E1AD4D357009D118D /* testSizeClassesTests */,
				FB83EC731AD4D357009D118D /* Products */,
			);
			sourceTree = "<group>";
		};
		FB83EC731AD4D357009D118D /* Products */ = {
			isa = PBXGroup;
			children = (
				FB83EC721AD4D357009D118D /* testSizeClasses.app */,
				FB83EC8B1AD4D357009D118D /* testSizeClassesTests.xctest */,
			);
			name = Products;
			sourceTree = "<group>";
		};
		FB83EC741AD4D357009D118D /* testSizeClasses */ = {
			isa = PBXGroup;
			children = (
				FB83EC791AD4D357009D118D /* AppDelegate.h */,
				FB83EC7A1AD4D357009D118D /* AppDelegate.m */,
				FB83EC7C1AD4D357009D118D /* ViewController.h */,
				FB83EC7D1AD4D357009D118D /* ViewController.m */,
				FB83EC7F1AD4D357009D118D /* Main.storyboard */,
				FB83EC821AD4D357009D118D /* Images.xcassets */,
				FB83EC841AD4D357009D118D /* LaunchScreen.xib */,
				FB83EC751AD4D357009D118D /* Supporting Files */,
			);
			path = testSizeClasses;
			sourceTree = "<group>";
		};
		FB83EC751AD4D357009D118D /* Supporting Files */ = {
			isa = PBXGroup;
			children = (
				FB83EC761AD4D357009D118D /* Info.plist */,
				FB83EC771AD4D357009D118D /* main.m */,
			);
			name = "Supporting Files";
			sourceTree = "<group>";
		};
		FB83EC8E1AD4D357009D118D /* testSizeClassesTests */ = {
			isa = PBXGroup;
			children = (
				FB83EC911AD4D357009D118D /* testSizeClassesTests.m */,
				FB83EC8F1AD4D357009D118D /* Supporting Files */,
			);
			path = testSizeClassesTests;
			sourceTree = "<group>";
		};
		FB83EC8F1AD4D357009D118D /* Supporting Files */ = {
			isa = PBXGroup;
			children = (
				FB83EC901AD4D357009D118D /* Info.plist */,
			);
			name = "Supporting Files";
			sourceTree = "<group>";
		};
/* End PBXGroup section */

/* Begin PBXNativeTarget section */
		FB83EC711AD4D357009D118D /* testSizeClasses */ = {
			isa = PBXNativeTarget;
			buildConfigurationList = FB83EC951AD4D357009D118D /* Build configuration list for PBXNativeTarget "testSizeClasses" */;
			buildPhases = (
				FB83EC6E1AD4D357009D118D /* Sources */,
				FB83EC6F1AD4D357009D118D /* Frameworks */,
				FB83EC701AD4D357009D118D /* Resources */,
			);
			buildRules = (
			);
			dependencies = (
			);
			name = testSizeClasses;
			productName = testSizeClasses;
			productReference = FB83EC721AD4D357009D118D /* testSizeClasses.app */;
			productType = "com.apple.product-type.application";
		};
		FB83EC8A1AD4D357009D118D /* testSizeClassesTests */ = {
			isa = PBXNativeTarget;
			buildConfigurationList = FB83EC981AD4D357009D118D /* Build configuration list for PBXNativeTarget "testSizeClassesTests" */;
			buildPhases = (
				FB83EC871AD4D357009D118D /* Sources */,
				FB83EC881AD4D357009D118D /* Frameworks */,
				FB83EC891AD4D357009D118D /* Resources */,
			);
			buildRules = (
			);
			dependencies = (
				FB83EC8D1AD4D357009D118D /* PBXTargetDependency */,
			);
			name = testSizeClassesTests;
			productName = testSizeClassesTests;
			productReference = FB83EC8B1AD4D357009D118D /* testSizeClassesTests.xctest */;
			productType = "com.apple.product-type.bundle.unit-test";
		};
/* End PBXNativeTarget section */

/* Begin PBXProject section */
		FB83EC6A1AD4D357009D118D /* Project object */ = {
			isa = PBXProject;
			attributes = {
				LastUpgradeCheck = 0610;
				ORGANIZATIONNAME = leYuan;
				TargetAttributes = {
					FB83EC711AD4D357009D118D = {
						CreatedOnToolsVersion = 6.1.1;
					};
					FB83EC8A1AD4D357009D118D = {
						CreatedOnToolsVersion = 6.1.1;
						TestTargetID = FB83EC711AD4D357009D118D;
					};
				};
			};
			buildConfigurationList = FB83EC6D1AD4D357009D118D /* Build configuration list for PBXProject "testSizeClasses" */;
			compatibilityVersion = "Xcode 3.2";
			developmentRegion = English;
			hasScannedForEncodings = 0;
			knownRegions = (
				en,
				Base,
			);
			mainGroup = FB83EC691AD4D357009D118D;
			productRefGroup = FB83EC731AD4D357009D118D /* Products */;
			projectDirPath = "";
			projectRoot = "";
			targets = (
				FB83EC711AD4D357009D118D /* testSizeClasses */,
				FB83EC8A1AD4D357009D118D /* testSizeClassesTests */,
			);
		};
/* End PBXProject section */

/* Begin PBXResourcesBuildPhase section */
		FB83EC701AD4D357009D118D /* Resources */ = {
			isa = PBXResourcesBuildPhase;
			buildActionMask = 2147483647;
			files = (
				FB83EC811AD4D357009D118D /* Main.storyboard in Resources */,
				FB83EC861AD4D357009D118D /* LaunchScreen.xib in Resources */,
				FB83EC831AD4D357009D118D /* Images.xcassets in Resources */,
			);
			runOnlyForDeploymentPostprocessing = 0;
		};
		FB83EC891AD4D357009D118D /* Resources */ = {
			isa = PBXResourcesBuildPhase;
			buildActionMask = 2147483647;
			files = (
			);
			runOnlyForDeploymentPostprocessing = 0;
		};
/* End PBXResourcesBuildPhase section */

/* Begin PBXSourcesBuildPhase section */
		FB83EC6E1AD4D357009D118D /* Sources */ = {
			isa = PBXSourcesBuildPhase;
			buildActionMask = 2147483647;
			files = (
				FB83EC7E1AD4D357009D118D /* ViewController.m in Sources */,
				FB83EC7B1AD4D357009D118D /* AppDelegate.m in Sources */,
				FB83EC781AD4D357009D118D /* main.m in Sources */,
			);
			runOnlyForDeploymentPostprocessing = 0;
		};
		FB83EC871AD4D357009D118D /* Sources */ = {
			isa = PBXSourcesBuildPhase;
			buildActionMask = 2147483647;
			files = (
				FB83EC921AD4D357009D118D /* testSizeClassesTests.m in Sources */,
			);
			runOnlyForDeploymentPostprocessing = 0;
		};
/* End PBXSourcesBuildPhase section */

/* Begin PBXTargetDependency section */
		FB83EC8D1AD4D357009D118D /* PBXTargetDependency */ = {
			isa = PBXTargetDependency;
			target = FB83EC711AD4D357009D118D /* testSizeClasses */;
			targetProxy = FB83EC8C1AD4D357009D118D /* PBXContainerItemProxy */;
		};
/* End PBXTargetDependency section */

/* Begin PBXVariantGroup section */
		FB83EC7F1AD4D357009D118D /* Main.storyboard */ = {
			isa = PBXVariantGroup;
			children = (
				FB83EC801AD4D357009D118D /* Base */,
			);
			name = Main.storyboard;
			sourceTree = "<group>";
		};
		FB83EC841AD4D357009D118D /* LaunchScreen.xib */ = {
			isa = PBXVariantGroup;
			children = (
				FB83EC851AD4D357009D118D /* Base */,
			);
			name = LaunchScreen.xib;
			sourceTree = "<group>";
		};
/* End PBXVariantGroup section */

/* Begin XCBuildConfiguration section */
		FB83EC931AD4D357009D118D /* Debug */ = {
			isa = XCBuildConfiguration;
			buildSettings = {
				ALWAYS_SEARCH_USER_PATHS = NO;
				CLANG_CXX_LANGUAGE_STANDARD = "gnu++0x";
				CLANG_CXX_LIBRARY = "libc++";
				CLANG_ENABLE_MODULES = YES;
				CLANG_ENABLE_OBJC_ARC = YES;
				CLANG_WARN_BOOL_CONVERSION = YES;
				CLANG_WARN_CONSTANT_CONVERSION = YES;
				CLANG_WARN_DIRECT_OBJC_ISA_USAGE = YES_ERROR;
				CLANG_WARN_EMPTY_BODY = YES;
				CLANG_WARN_ENUM_CONVERSION = YES;
				CLANG_WARN_INT_CONVERSION = YES;
				CLANG_WARN_OBJC_ROOT_CLASS = YES_ERROR;
				CLANG_WARN_UNREACHABLE_CODE = YES;
				CLANG_WARN__DUPLICATE_METHOD_MATCH = YES;
				"CODE_SIGN_IDENTITY[sdk=iphoneos*]" = "iPhone Developer";
				COPY_PHASE_STRIP = NO;
				ENABLE_STRICT_OBJC_MSGSEND = YES;
				GCC_C_LANGUAGE_STANDARD = gnu99;
				GCC_DYNAMIC_NO_PIC = NO;
				GCC_OPTIMIZATION_LEVEL = 0;
				GCC_PREPROCESSOR_DEFINITIONS = (
					"DEBUG=1",
					"$(inherited)",
				);
				GCC_SYMBOLS_PRIVATE_EXTERN = NO;
				GCC_WARN_64_TO_32_BIT_CONVERSION = YES;
				GCC_WARN_ABOUT_RETURN_TYPE = YES_ERROR;
				GCC_WARN_UNDECLARED_SELECTOR = YES;
				GCC_WARN_UNINITIALIZED_AUTOS = YES_AGGRESSIVE;
				GCC_WARN_UNUSED_FUNCTION = YES;
				GCC_WARN_UNUSED_VARIABLE = YES;
				IPHONEOS_DEPLOYMENT_TARGET = 8.1;
				MTL_ENABLE_DEBUG_INFO = YES;
				ONLY_ACTIVE_ARCH = YES;
				SDKROOT = iphoneos;
			};
			name = Debug;
		};
		FB83EC941AD4D357009D118D /* Release */ = {
			isa = XCBuildConfiguration;
			buildSettings = {
				ALWAYS_SEARCH_USER_PATHS = NO;
				CLANG_CXX_LANGUAGE_STANDARD = "gnu++0x";
				CLANG_CXX_LIBRARY = "libc++";
				CLANG_ENABLE_MODULES = YES;
				CLANG_ENABLE_OBJC_ARC = YES;
				CLANG_WARN_BOOL_CONVERSION = YES;
				CLANG_WARN_CONSTANT_CONVERSION = YES;
				CLANG_WARN_DIRECT_OBJC_ISA_USAGE = YES_ERROR;
				CLANG_WARN_EMPTY_BODY = YES;
				CLANG_WARN_ENUM_CONVERSION = YES;
				CLANG_WARN_INT_CONVERSION = YES;
				CLANG_WARN_OBJC_ROOT_CLASS = YES_ERROR;
				CLANG_WARN_UNREACHABLE_CODE = YES;
				CLANG_WARN__DUPLICATE_METHOD_MATCH = YES;
				"CODE_SIGN_IDENTITY[sdk=iphoneos*]" = "iPhone Developer";
				COPY_PHASE_STRIP = YES;
				ENABLE_NS_ASSERTIONS = NO;
				ENABLE_STRICT_OBJC_MSGSEND = YES;
				GCC_C_LANGUAGE_STANDARD = gnu99;
				GCC_WARN_64_TO_32_BIT_CONVERSION = YES;
				GCC_WARN_ABOUT_RETURN_TYPE = YES_ERROR;
				GCC_WARN_UNDECLARED_SELECTOR = YES;
				GCC_WARN_UNINITIALIZED_AUTOS = YES_AGGRESSIVE;
				GCC_WARN_UNUSED_FUNCTION = YES;
				GCC_WARN_UNUSED_VARIABLE = YES;
				IPHONEOS_DEPLOYMENT_TARGET = 8.1;
				MTL_ENABLE_DEBUG_INFO = NO;
				SDKROOT = iphoneos;
				VALIDATE_PRODUCT = YES;
			};
			name = Release;
		};
		FB83EC961AD4D357009D118D /* Debug */ = {
			isa = XCBuildConfiguration;
			buildSettings = {
				ASSETCATALOG_COMPILER_APPICON_NAME = AppIcon;
				INFOPLIST_FILE = testSizeClasses/Info.plist;
				LD_RUNPATH_SEARCH_PATHS = "$(inherited) @executable_path/Frameworks";
				PRODUCT_NAME = "$(TARGET_NAME)";
			};
			name = Debug;
		};
		FB83EC971AD4D357009D118D /* Release */ = {
			isa = XCBuildConfiguration;
			buildSettings = {
				ASSETCATALOG_COMPILER_APPICON_NAME = AppIcon;
				INFOPLIST_FILE = testSizeClasses/Info.plist;
				LD_RUNPATH_SEARCH_PATHS = "$(inherited) @executable_path/Frameworks";
				PRODUCT_NAME = "$(TARGET_NAME)";
			};
			name = Release;
		};
		FB83EC991AD4D357009D118D /* Debug */ = {
			isa = XCBuildConfiguration;
			buildSettings = {
				BUNDLE_LOADER = "$(TEST_HOST)";
				FRAMEWORK_SEARCH_PATHS = (
					"$(SDKROOT)/Developer/Library/Frameworks",
					"$(inherited)",
				);
				GCC_PREPROCESSOR_DEFINITIONS = (
					"DEBUG=1",
					"$(inherited)",
				);
				INFOPLIST_FILE = testSizeClassesTests/Info.plist;
				LD_RUNPATH_SEARCH_PATHS = "$(inherited) @executable_path/Frameworks @loader_path/Frameworks";
				PRODUCT_NAME = "$(TARGET_NAME)";
				TEST_HOST = "$(BUILT_PRODUCTS_DIR)/testSizeClasses.app/testSizeClasses";
			};
			name = Debug;
		};
		FB83EC9A1AD4D357009D118D /* Release */ = {
			isa = XCBuildConfiguration;
			buildSettings = {
				BUNDLE_LOADER = "$(TEST_HOST)";
				FRAMEWORK_SEARCH_PATHS = (
					"$(SDKROOT)/Developer/Library/Frameworks",
					"$(inherited)",
				);
				INFOPLIST_FILE = testSizeClassesTests/Info.plist;
				LD_RUNPATH_SEARCH_PATHS = "$(inherited) @executable_path/Frameworks @loader_path/Frameworks";
				PRODUCT_NAME = "$(TARGET_NAME)";
				TEST_HOST = "$(BUILT_PRODUCTS_DIR)/testSizeClasses.app/testSizeClasses";
			};
			name = Release;
		};
/* End XCBuildConfiguration section */

/* Begin XCConfigurationList section */
		FB83EC6D1AD4D357009D118D /* Build configuration list for PBXProject "testSizeClasses" */ = {
			isa = XCConfigurationList;
			buildConfigurations = (
				FB83EC931AD4D357009D118D /* Debug */,
				FB83EC941AD4D357009D118D /* Release */,
			);
			defaultConfigurationIsVisible = 0;
			defaultConfigurationName = Release;
		};
		FB83EC951AD4D357009D118D /* Build configuration list for PBXNativeTarget "testSizeClasses" */ = {
			isa = XCConfigurationList;
			buildConfigurations = (
				FB83EC961AD4D357009D118D /* Debug */,
				FB83EC971AD4D357009D118D /* Release */,
			);
			defaultConfigurationIsVisible = 0;
		};
		FB83EC981AD4D357009D118D /* Build configuration list for PBXNativeTarget "testSizeClassesTests" */ = {
			isa = XCConfigurationList;
			buildConfigurations = (
				FB83EC991AD4D357009D118D /* Debug */,
				FB83EC9A1AD4D357009D118D /* Release */,
			);
			defaultConfigurationIsVisible = 0;
		};
/* End XCConfigurationList section */
	};
	rootObject = FB83EC6A1AD4D357009D118D /* Project object */;
}
